
Microsoft Visual Studio Solution File, Format Version 12.00
# Visual Studio Version 17
VisualStudioVersion = 17.13.35818.85 d17.13
MinimumVisualStudioVersion = 10.0.40219.1
Project("{FAE04EC0-301F-11D3-BF4B-00C04F79EFBC}") = "PTV", "PTV.csproj", "{B31351BC-9F05-4A83-AB84-20CA395FC6DF}"
EndProject
Global
	GlobalSection(SolutionConfigurationPlatforms) = preSolution
		Debug|Any CPU = Debug|Any CPU
		Release|Any CPU = Release|Any CPU
	EndGlobalSection
	GlobalSection(ProjectConfigurationPlatforms) = postSolution
		{B31351BC-9F05-4A83-AB84-20CA395FC6DF}.Debug|Any CPU.ActiveCfg = Debug|Any CPU
		{B31351BC-9F05-4A83-AB84-20CA395FC6DF}.Debug|Any CPU.Build.0 = Debug|Any CPU
		{B31351BC-9F05-4A83-AB84-20CA395FC6DF}.Release|Any CPU.ActiveCfg = Release|Any CPU
		{B31351BC-9F05-4A83-AB84-20CA395FC6DF}.Release|Any CPU.Build.0 = Release|Any CPU
	EndGlobalSection
	GlobalSection(SolutionProperties) = preSolution
		HideSolutionNode = FALSE
	EndGlobalSection
	GlobalSection(ExtensibilityGlobals) = postSolution
		SolutionGuid = {610A9F53-90E1-4198-B073-0400BDA7F4A9}
	EndGlobalSection
EndGlobal
